hash: 4747bfebd73670d6cd0b725d8679f601a828bea5f4e19e65e755b6271d7efb69
updated: 2020-08-22T10:39:24.031694-03:00
imports:
- name: github.com/BurntSushi/toml
  version: 3012a1dbe2e4bd1391d42b32f0577cb7bbc7f005
- name: github.com/gorilla/mux
  version: 75dcda0896e109a2a22c9315bca3bb21b87b2ba5
- name: gopkg.in/mgo.v2
  version: a6b53ec6cb22a3699387a57a161566f9402ee85b
testImports: []
